
Microsoft Visual Studio Solution File, Format Version 12.00
# Visual Studio Version 17
VisualStudioVersion = 17.7.34221.43
MinimumVisualStudioVersion = 10.0.40219.1
Project("{FAE04EC0-301F-11D3-BF4B-00C04F79EFBC}") = "SublimeGateway", "SublimeGateway\SublimeGateway.csproj", "{301955C6-1354-4A8A-87E5-5C0F30F45BDA}"
EndProject
Global
	GlobalSection(SolutionConfigurationPlatforms) = preSolution
		Debug|Any CPU = Debug|Any CPU
		Release|Any CPU = Release|Any CPU
	EndGlobalSection
	GlobalSection(ProjectConfigurationPlatforms) = postSolution
		{301955C6-1354-4A8A-87E5-5C0F30F45BDA}.Debug|Any CPU.ActiveCfg = Debug|Any CPU
		{301955C6-1354-4A8A-87E5-5C0F30F45BDA}.Debug|Any CPU.Build.0 = Debug|Any CPU
		{301955C6-1354-4A8A-87E5-5C0F30F45BDA}.Release|Any CPU.ActiveCfg = Release|Any CPU
		{301955C6-1354-4A8A-87E5-5C0F30F45BDA}.Release|Any CPU.Build.0 = Release|Any CPU
	EndGlobalSection
	GlobalSection(SolutionProperties) = preSolution
		HideSolutionNode = FALSE
	EndGlobalSection
	GlobalSection(ExtensibilityGlobals) = postSolution
		SolutionGuid = {4C4E4E16-5EAC-419A-BC0A-22F335CC4B1A}
	EndGlobalSection
EndGlobal
